{
	"name": "@tuimao/uni-utils",
	"version": "0.1.6",
	"lockfileVersion": 2,
	"requires": true,
	"packages": {
		"": {
			"name": "@tuimao/uni-utils",
			"version": "0.1.5",
			"license": "MIT",
			"dependencies": {
				"lodash-es": "^4.17.21"
			},
			"devDependencies": {
				"@dcloudio/types": "^2.4.5",
				"@types/node": "^16.4.12",
				"miniprogram-api-typings": "^3.4.2"
			}
		},
		"node_modules/@dcloudio/types": {
			"version": "2.4.5",
			"resolved": "https://registry.npmjs.org/@dcloudio/types/-/types-2.4.5.tgz",
			"integrity": "sha512-6PUP4D4PZgm5Zc7hAegNZZreJN6D9VK8bEp/oHG3tevVJ0w9+C/9PBgcX1kStxIwqYcfR0dv8jTyjG08BF185Q==",
			"dev": true
		},
		"node_modules/@types/node": {
			"version": "16.4.12",
			"integrity": "sha512-zxrTNFl9Z8boMJXs6ieqZP0wAhvkdzmHSxTlJabM16cf5G9xBc1uPRH5Bbv2omEDDiM8MzTfqTJXBf0Ba4xFWA==",
			"dev": true
		},
		"node_modules/lodash-es": {
			"version": "4.17.21",
			"resolved": "https://registry.npmjs.org/lodash-es/-/lodash-es-4.17.21.tgz",
			"integrity": "sha512-mKnC+QJ9pWVzv+C4/U3rRsHapFfHvQFoFB92e52xeyGMcX6/OlIl78je1u8vePzYZSkkogMPJ2yjxxsb89cxyw=="
		},
		"node_modules/miniprogram-api-typings": {
			"version": "3.4.2",
			"resolved": "https://registry.npmjs.org/miniprogram-api-typings/-/miniprogram-api-typings-3.4.2.tgz",
			"integrity": "sha512-3mNPdzSWl6VY34Wc3gRRxJ+P6XkXEYDoZppDq9565unmc4HKp7TIxuOmFSt0xA+jX50NPFAz+Q1dEfv5No8+Wg==",
			"dev": true
		}
	},
	"dependencies": {
		"@dcloudio/types": {
			"version": "2.4.5",
			"resolved": "https://registry.npmjs.org/@dcloudio/types/-/types-2.4.5.tgz",
			"integrity": "sha512-6PUP4D4PZgm5Zc7hAegNZZreJN6D9VK8bEp/oHG3tevVJ0w9+C/9PBgcX1kStxIwqYcfR0dv8jTyjG08BF185Q==",
			"dev": true
		},
		"@types/node": {
			"version": "16.4.12",
			"dev": true
		},
		"lodash-es": {
			"version": "4.17.21",
			"resolved": "https://registry.npmjs.org/lodash-es/-/lodash-es-4.17.21.tgz",
			"integrity": "sha512-mKnC+QJ9pWVzv+C4/U3rRsHapFfHvQFoFB92e52xeyGMcX6/OlIl78je1u8vePzYZSkkogMPJ2yjxxsb89cxyw=="
		},
		"miniprogram-api-typings": {
			"version": "3.4.2",
			"resolved": "https://registry.npmjs.org/miniprogram-api-typings/-/miniprogram-api-typings-3.4.2.tgz",
			"integrity": "sha512-3mNPdzSWl6VY34Wc3gRRxJ+P6XkXEYDoZppDq9565unmc4HKp7TIxuOmFSt0xA+jX50NPFAz+Q1dEfv5No8+Wg==",
			"dev": true
		}
	}
}
