{
	"name": "@tuimao/browser",
	"version": "0.0.5-alpha.0",
	"lockfileVersion": 2,
	"requires": true,
	"packages": {
		"": {
			"name": "@tuimao/browser",
			"version": "0.0.1",
			"license": "MIT",
			"dependencies": {
				"lodash-es": "^4.17.21"
			}
		},
		"node_modules/lodash-es": {
			"version": "4.17.21",
			"resolved": "https://registry.npm.taobao.org/lodash-es/download/lodash-es-4.17.21.tgz?cache=0&sync_timestamp=1613835893273&other_urls=https%3A%2F%2Fregistry.npm.taobao.org%2Flodash-es%2Fdownload%2Flodash-es-4.17.21.tgz",
			"integrity": "sha1-Q+YmxG5lkbd1C+srUBFzkMYJ4+4="
		}
	},
	"dependencies": {
		"lodash-es": {
			"version": "4.17.21",
			"resolved": "https://registry.npm.taobao.org/lodash-es/download/lodash-es-4.17.21.tgz?cache=0&sync_timestamp=1613835893273&other_urls=https%3A%2F%2Fregistry.npm.taobao.org%2Flodash-es%2Fdownload%2Flodash-es-4.17.21.tgz",
			"integrity": "sha1-Q+YmxG5lkbd1C+srUBFzkMYJ4+4="
		}
	}
}
