{
	"name": "@tuimao/core",
	"version": "0.0.3-alpha.0",
	"lockfileVersion": 2,
	"requires": true,
	"packages": {
		"": {
			"name": "@tuimao/core",
			"version": "0.0.1",
			"license": "MIT",
			"dependencies": {
				"@types/lodash-es": "^4.17.4",
				"dayjs": "^1.10.6",
				"lodash-es": "^4.17.21"
			}
		},
		"node_modules/@types/lodash": {
			"version": "4.14.172",
			"resolved": "https://registry.nlark.com/@types/lodash/download/@types/lodash-4.14.172.tgz?cache=0&sync_timestamp=1627979626480&other_urls=https%3A%2F%2Fregistry.nlark.com%2F%40types%2Flodash%2Fdownload%2F%40types%2Flodash-4.14.172.tgz",
			"integrity": "sha1-qtd0wo57/Xpn3iVAjgPuWow9Aoo="
		},
		"node_modules/@types/lodash-es": {
			"version": "4.17.4",
			"resolved": "https://registry.nlark.com/@types/lodash-es/download/@types/lodash-es-4.17.4.tgz",
			"integrity": "sha1-suRA0r+Kk1hKn9eYRS7El5hsm5c=",
			"dependencies": {
				"@types/lodash": "*"
			}
		},
		"node_modules/dayjs": {
			"version": "1.10.6",
			"resolved": "https://registry.nlark.com/dayjs/download/dayjs-1.10.6.tgz",
			"integrity": "sha1-KIsqqC8thBimydTfWJjAc3rQKmM="
		},
		"node_modules/lodash-es": {
			"version": "4.17.21",
			"resolved": "https://registry.npm.taobao.org/lodash-es/download/lodash-es-4.17.21.tgz?cache=0&sync_timestamp=1613835893273&other_urls=https%3A%2F%2Fregistry.npm.taobao.org%2Flodash-es%2Fdownload%2Flodash-es-4.17.21.tgz",
			"integrity": "sha1-Q+YmxG5lkbd1C+srUBFzkMYJ4+4="
		}
	},
	"dependencies": {
		"@types/lodash": {
			"version": "4.14.172",
			"resolved": "https://registry.nlark.com/@types/lodash/download/@types/lodash-4.14.172.tgz?cache=0&sync_timestamp=1627979626480&other_urls=https%3A%2F%2Fregistry.nlark.com%2F%40types%2Flodash%2Fdownload%2F%40types%2Flodash-4.14.172.tgz",
			"integrity": "sha1-qtd0wo57/Xpn3iVAjgPuWow9Aoo="
		},
		"@types/lodash-es": {
			"version": "4.17.4",
			"resolved": "https://registry.nlark.com/@types/lodash-es/download/@types/lodash-es-4.17.4.tgz",
			"integrity": "sha1-suRA0r+Kk1hKn9eYRS7El5hsm5c=",
			"requires": {
				"@types/lodash": "*"
			}
		},
		"dayjs": {
			"version": "1.10.6",
			"resolved": "https://registry.nlark.com/dayjs/download/dayjs-1.10.6.tgz",
			"integrity": "sha1-KIsqqC8thBimydTfWJjAc3rQKmM="
		},
		"lodash-es": {
			"version": "4.17.21",
			"resolved": "https://registry.npm.taobao.org/lodash-es/download/lodash-es-4.17.21.tgz?cache=0&sync_timestamp=1613835893273&other_urls=https%3A%2F%2Fregistry.npm.taobao.org%2Flodash-es%2Fdownload%2Flodash-es-4.17.21.tgz",
			"integrity": "sha1-Q+YmxG5lkbd1C+srUBFzkMYJ4+4="
		}
	}
}
